
Microsoft Visual Studio Solution File, Format Version 12.00
# Visual Studio Version 16
VisualStudioVersion = 16.0.30320.27
MinimumVisualStudioVersion = 10.0.40219.1
Project("{FAE04EC0-301F-11D3-BF4B-00C04F79EFBC}") = "WSC2019S4", "WSC2019S4\WSC2019S4.csproj", "{7774F4EE-2D11-4AD9-A927-6D9BB669E95E}"
EndProject
Global
	GlobalSection(SolutionConfigurationPlatforms) = preSolution
		Debug|Any CPU = Debug|Any CPU
		Release|Any CPU = Release|Any CPU
	EndGlobalSection
	GlobalSection(ProjectConfigurationPlatforms) = postSolution
		{7774F4EE-2D11-4AD9-A927-6D9BB669E95E}.Debug|Any CPU.ActiveCfg = Debug|Any CPU
		{7774F4EE-2D11-4AD9-A927-6D9BB669E95E}.Debug|Any CPU.Build.0 = Debug|Any CPU
		{7774F4EE-2D11-4AD9-A927-6D9BB669E95E}.Release|Any CPU.ActiveCfg = Release|Any CPU
		{7774F4EE-2D11-4AD9-A927-6D9BB669E95E}.Release|Any CPU.Build.0 = Release|Any CPU
	EndGlobalSection
	GlobalSection(SolutionProperties) = preSolution
		HideSolutionNode = FALSE
	EndGlobalSection
	GlobalSection(ExtensibilityGlobals) = postSolution
		SolutionGuid = {9C9EC14A-AD9E-4CCF-B08B-21D639CF3524}
	EndGlobalSection
EndGlobal
